
Microsoft Visual Studio Solution File, Format Version 12.00
# Visual Studio Version 17
VisualStudioVersion = 17.8.34309.116
MinimumVisualStudioVersion = 10.0.40219.1
Project("{2150E333-8FDC-42A3-9474-1A3956D46DE8}") = "src", "src", "{8ADC5422-2A12-46E7-9209-A33C277AECC9}"
EndProject
Project("{2150E333-8FDC-42A3-9474-1A3956D46DE8}") = "core", "core", "{D0A013A9-8064-48E9-89CA-167EF19F768C}"
EndProject
Project("{2150E333-8FDC-42A3-9474-1A3956D46DE8}") = "infrastructure", "infrastructure", "{84289781-2708-42F7-9BAA-EFEB31E51B66}"
EndProject
Project("{2150E333-8FDC-42A3-9474-1A3956D46DE8}") = "presentation", "presentation", "{8A9A0FB3-7CAA-4149-8589-DBC47AD4C1AC}"
EndProject
Project("{9A19103F-16F7-4668-BE54-9A1E7A4F7556}") = "Clean.Domain", "Clean.Domain\Clean.Domain.csproj", "{103E5E20-0E58-429D-B75E-640A9216CEC9}"
EndProject
Project("{9A19103F-16F7-4668-BE54-9A1E7A4F7556}") = "Clean.Application", "Clean.Application\Clean.Application.csproj", "{4FB457A7-0573-4353-9913-52FDF9224BF4}"
EndProject
Project("{9A19103F-16F7-4668-BE54-9A1E7A4F7556}") = "Clean.Data", "Clean.Data\Clean.Data.csproj", "{CDC68899-82C4-4785-A950-FDA81BBD2DE3}"
EndProject
Project("{9A19103F-16F7-4668-BE54-9A1E7A4F7556}") = "Clean.Shared", "Clean.Shared\Clean.Shared.csproj", "{67B14553-3A4B-4A6C-A3D6-E371B17ECB4D}"
EndProject
Project("{9A19103F-16F7-4668-BE54-9A1E7A4F7556}") = "Clean.WebApi", "Clean.WebApi\Clean.WebApi.csproj", "{F1DF7DAD-4E60-458C-9583-C49D89AA40DC}"
EndProject
Project("{2150E333-8FDC-42A3-9474-1A3956D46DE8}") = "test", "test", "{ECDBE344-8753-47B1-955E-9EFD20F4C942}"
EndProject
Project("{FAE04EC0-301F-11D3-BF4B-00C04F79EFBC}") = "Architecture.Tests", "Architecture.Tests\Architecture.Tests.csproj", "{32E96152-E6B2-4475-9111-C441690B6BD2}"
EndProject
Global
	GlobalSection(SolutionConfigurationPlatforms) = preSolution
		Debug|Any CPU = Debug|Any CPU
		Release|Any CPU = Release|Any CPU
	EndGlobalSection
	GlobalSection(ProjectConfigurationPlatforms) = postSolution
		{103E5E20-0E58-429D-B75E-640A9216CEC9}.Debug|Any CPU.ActiveCfg = Debug|Any CPU
		{103E5E20-0E58-429D-B75E-640A9216CEC9}.Debug|Any CPU.Build.0 = Debug|Any CPU
		{103E5E20-0E58-429D-B75E-640A9216CEC9}.Release|Any CPU.ActiveCfg = Release|Any CPU
		{103E5E20-0E58-429D-B75E-640A9216CEC9}.Release|Any CPU.Build.0 = Release|Any CPU
		{4FB457A7-0573-4353-9913-52FDF9224BF4}.Debug|Any CPU.ActiveCfg = Debug|Any CPU
		{4FB457A7-0573-4353-9913-52FDF9224BF4}.Debug|Any CPU.Build.0 = Debug|Any CPU
		{4FB457A7-0573-4353-9913-52FDF9224BF4}.Release|Any CPU.ActiveCfg = Release|Any CPU
		{4FB457A7-0573-4353-9913-52FDF9224BF4}.Release|Any CPU.Build.0 = Release|Any CPU
		{CDC68899-82C4-4785-A950-FDA81BBD2DE3}.Debug|Any CPU.ActiveCfg = Debug|Any CPU
		{CDC68899-82C4-4785-A950-FDA81BBD2DE3}.Debug|Any CPU.Build.0 = Debug|Any CPU
		{CDC68899-82C4-4785-A950-FDA81BBD2DE3}.Release|Any CPU.ActiveCfg = Release|Any CPU
		{CDC68899-82C4-4785-A950-FDA81BBD2DE3}.Release|Any CPU.Build.0 = Release|Any CPU
		{67B14553-3A4B-4A6C-A3D6-E371B17ECB4D}.Debug|Any CPU.ActiveCfg = Debug|Any CPU
		{67B14553-3A4B-4A6C-A3D6-E371B17ECB4D}.Debug|Any CPU.Build.0 = Debug|Any CPU
		{67B14553-3A4B-4A6C-A3D6-E371B17ECB4D}.Release|Any CPU.ActiveCfg = Release|Any CPU
		{67B14553-3A4B-4A6C-A3D6-E371B17ECB4D}.Release|Any CPU.Build.0 = Release|Any CPU
		{F1DF7DAD-4E60-458C-9583-C49D89AA40DC}.Debug|Any CPU.ActiveCfg = Debug|Any CPU
		{F1DF7DAD-4E60-458C-9583-C49D89AA40DC}.Debug|Any CPU.Build.0 = Debug|Any CPU
		{F1DF7DAD-4E60-458C-9583-C49D89AA40DC}.Release|Any CPU.ActiveCfg = Release|Any CPU
		{F1DF7DAD-4E60-458C-9583-C49D89AA40DC}.Release|Any CPU.Build.0 = Release|Any CPU
		{32E96152-E6B2-4475-9111-C441690B6BD2}.Debug|Any CPU.ActiveCfg = Debug|Any CPU
		{32E96152-E6B2-4475-9111-C441690B6BD2}.Debug|Any CPU.Build.0 = Debug|Any CPU
		{32E96152-E6B2-4475-9111-C441690B6BD2}.Release|Any CPU.ActiveCfg = Release|Any CPU
		{32E96152-E6B2-4475-9111-C441690B6BD2}.Release|Any CPU.Build.0 = Release|Any CPU
	EndGlobalSection
	GlobalSection(SolutionProperties) = preSolution
		HideSolutionNode = FALSE
	EndGlobalSection
	GlobalSection(NestedProjects) = preSolution
		{D0A013A9-8064-48E9-89CA-167EF19F768C} = {8ADC5422-2A12-46E7-9209-A33C277AECC9}
		{84289781-2708-42F7-9BAA-EFEB31E51B66} = {8ADC5422-2A12-46E7-9209-A33C277AECC9}
		{8A9A0FB3-7CAA-4149-8589-DBC47AD4C1AC} = {8ADC5422-2A12-46E7-9209-A33C277AECC9}
		{103E5E20-0E58-429D-B75E-640A9216CEC9} = {D0A013A9-8064-48E9-89CA-167EF19F768C}
		{4FB457A7-0573-4353-9913-52FDF9224BF4} = {D0A013A9-8064-48E9-89CA-167EF19F768C}
		{CDC68899-82C4-4785-A950-FDA81BBD2DE3} = {84289781-2708-42F7-9BAA-EFEB31E51B66}
		{67B14553-3A4B-4A6C-A3D6-E371B17ECB4D} = {84289781-2708-42F7-9BAA-EFEB31E51B66}
		{F1DF7DAD-4E60-458C-9583-C49D89AA40DC} = {8A9A0FB3-7CAA-4149-8589-DBC47AD4C1AC}
		{32E96152-E6B2-4475-9111-C441690B6BD2} = {ECDBE344-8753-47B1-955E-9EFD20F4C942}
	EndGlobalSection
	GlobalSection(ExtensibilityGlobals) = postSolution
		SolutionGuid = {953E3439-DECC-482A-8E71-946F289CD37D}
	EndGlobalSection
EndGlobal
